// !$*UTF8*$!
{
	archiveVersion = 1;
	classes = {
	};
	objectVersion = 50;
	objects = {

/* Begin PBXBuildFile section */
		1EE6E27D49B6C926CC34BF34 /* Pods_Tumblr_TumblrUITests.framework in Frameworks */ = {isa = PBXBuildFile; fileRef = 75AA6E0993F58EF5C0A64A93 /* Pods_Tumblr_TumblrUITests.framework */; };
		763D1A3123E24D2800EFEF22 /* PhotoCell.swift in Sources */ = {isa = PBXBuildFile; fileRef = 763D1A3023E24D2800EFEF22 /* PhotoCell.swift */; };
		76AF702323E248EE00FDFA42 /* AppDelegate.swift in Sources */ = {isa = PBXBuildFile; fileRef = 76AF702223E248EE00FDFA42 /* AppDelegate.swift */; };
		76AF702823E248EE00FDFA42 /* Main.storyboard in Resources */ = {isa = PBXBuildFile; fileRef = 76AF702623E248EE00FDFA42 /* Main.storyboard */; };
		76AF702A23E248F100FDFA42 /* Assets.xcassets in Resources */ = {isa = PBXBuildFile; fileRef = 76AF702923E248F100FDFA42 /* Assets.xcassets */; };
		76AF702D23E248F100FDFA42 /* LaunchScreen.storyboard in Resources */ = {isa = PBXBuildFile; fileRef = 76AF702B23E248F100FDFA42 /* LaunchScreen.storyboard */; };
		76AF703823E248F100FDFA42 /* TumblrTests.swift in Sources */ = {isa = PBXBuildFile; fileRef = 76AF703723E248F100FDFA42 /* TumblrTests.swift */; };
		76AF704323E248F100FDFA42 /* TumblrUITests.swift in Sources */ = {isa = PBXBuildFile; fileRef = 76AF704223E248F100FDFA42 /* TumblrUITests.swift */; };
		76AF705123E2499E00FDFA42 /* PhotosViewController.swift in Sources */ = {isa = PBXBuildFile; fileRef = 76AF705023E2499E00FDFA42 /* PhotosViewController.swift */; };
		D64758932E8B78F52BE2F8B0 /* Pods_Tumblr.framework in Frameworks */ = {isa = PBXBuildFile; fileRef = C1E45B162B1943D30B721FBA /* Pods_Tumblr.framework */; };
		F5AA2919BD987DD64EF47D55 /* Pods_TumblrTests.framework in Frameworks */ = {isa = PBXBuildFile; fileRef = 6C3FA4E53F18AB2162058490 /* Pods_TumblrTests.framework */; };
/* End PBXBuildFile section */

/* Begin PBXContainerItemProxy section */
		76AF703423E248F100FDFA42 /* PBXContainerItemProxy */ = {
			isa = PBXContainerItemProxy;
			containerPortal = 76AF701723E248EE00FDFA42 /* Project object */;
			proxyType = 1;
			remoteGlobalIDString = 76AF701E23E248EE00FDFA42;
			remoteInfo = Tumblr;
		};
		76AF703F23E248F100FDFA42 /* PBXContainerItemProxy */ = {
			isa = PBXContainerItemProxy;
			containerPortal = 76AF701723E248EE00FDFA42 /* Project object */;
			proxyType = 1;
			remoteGlobalIDString = 76AF701E23E248EE00FDFA42;
			remoteInfo = Tumblr;
		};
/* End PBXContainerItemProxy section */

/* Begin PBXFileReference section */
		5325FF732369EBB11E9FB7E3 /* Pods-Tumblr-TumblrUITests.release.xcconfig */ = {isa = PBXFileReference; includeInIndex = 1; lastKnownFileType = text.xcconfig; name = "Pods-Tumblr-TumblrUITests.release.xcconfig"; path = "Target Support Files/Pods-Tumblr-TumblrUITests/Pods-Tumblr-TumblrUITests.release.xcconfig"; sourceTree = "<group>"; };
		6330D9B633D53701749B7260 /* Pods-Tumblr-TumblrUITests.debug.xcconfig */ = {isa = PBXFileReference; includeInIndex = 1; lastKnownFileType = text.xcconfig; name = "Pods-Tumblr-TumblrUITests.debug.xcconfig"; path = "Target Support Files/Pods-Tumblr-TumblrUITests/Pods-Tumblr-TumblrUITests.debug.xcconfig"; sourceTree = "<group>"; };
		6B84CFAAE58B7D4A0D9045C4 /* Pods-Tumblr.debug.xcconfig */ = {isa = PBXFileReference; includeInIndex = 1; lastKnownFileType = text.xcconfig; name = "Pods-Tumblr.debug.xcconfig"; path = "Target Support Files/Pods-Tumblr/Pods-Tumblr.debug.xcconfig"; sourceTree = "<group>"; };
		6C3FA4E53F18AB2162058490 /* Pods_TumblrTests.framework */ = {isa = PBXFileReference; explicitFileType = wrapper.framework; includeInIndex = 0; path = Pods_TumblrTests.framework; sourceTree = BUILT_PRODUCTS_DIR; };
		75AA6E0993F58EF5C0A64A93 /* Pods_Tumblr_TumblrUITests.framework */ = {isa = PBXFileReference; explicitFileType = wrapper.framework; includeInIndex = 0; path = Pods_Tumblr_TumblrUITests.framework; sourceTree = BUILT_PRODUCTS_DIR; };
		763D1A3023E24D2800EFEF22 /* PhotoCell.swift */ = {isa = PBXFileReference; lastKnownFileType = sourcecode.swift; path = PhotoCell.swift; sourceTree = "<group>"; };
		76AF701F23E248EE00FDFA42 /* Tumblr.app */ = {isa = PBXFileReference; explicitFileType = wrapper.application; includeInIndex = 0; path = Tumblr.app; sourceTree = BUILT_PRODUCTS_DIR; };
		76AF702223E248EE00FDFA42 /* AppDelegate.swift */ = {isa = PBXFileReference; lastKnownFileType = sourcecode.swift; path = AppDelegate.swift; sourceTree = "<group>"; };
		76AF702723E248EE00FDFA42 /* Base */ = {isa = PBXFileReference; lastKnownFileType = file.storyboard; name = Base; path = Base.lproj/Main.storyboard; sourceTree = "<group>"; };
		76AF702923E248F100FDFA42 /* Assets.xcassets */ = {isa = PBXFileReference; lastKnownFileType = folder.assetcatalog; path = Assets.xcassets; sourceTree = "<group>"; };
		76AF702C23E248F100FDFA42 /* Base */ = {isa = PBXFileReference; lastKnownFileType = file.storyboard; name = Base; path = Base.lproj/LaunchScreen.storyboard; sourceTree = "<group>"; };
		76AF702E23E248F100FDFA42 /* Info.plist */ = {isa = PBXFileReference; lastKnownFileType = text.plist.xml; path = Info.plist; sourceTree = "<group>"; };
		76AF703323E248F100FDFA42 /* TumblrTests.xctest */ = {isa = PBXFileReference; explicitFileType = wrapper.cfbundle; includeInIndex = 0; path = TumblrTests.xctest; sourceTree = BUILT_PRODUCTS_DIR; };
		76AF703723E248F100FDFA42 /* TumblrTests.swift */ = {isa = PBXFileReference; lastKnownFileType = sourcecode.swift; path = TumblrTests.swift; sourceTree = "<group>"; };
		76AF703923E248F100FDFA42 /* Info.plist */ = {isa = PBXFileReference; lastKnownFileType = text.plist.xml; path = Info.plist; sourceTree = "<group>"; };
		76AF703E23E248F100FDFA42 /* TumblrUITests.xctest */ = {isa = PBXFileReference; explicitFileType = wrapper.cfbundle; includeInIndex = 0; path = TumblrUITests.xctest; sourceTree = BUILT_PRODUCTS_DIR; };
		76AF704223E248F100FDFA42 /* TumblrUITests.swift */ = {isa = PBXFileReference; lastKnownFileType = sourcecode.swift; path = TumblrUITests.swift; sourceTree = "<group>"; };
		76AF704423E248F100FDFA42 /* Info.plist */ = {isa = PBXFileReference; lastKnownFileType = text.plist.xml; path = Info.plist; sourceTree = "<group>"; };
		76AF705023E2499E00FDFA42 /* PhotosViewController.swift */ = {isa = PBXFileReference; lastKnownFileType = sourcecode.swift; path = PhotosViewController.swift; sourceTree = "<group>"; };
		8CA9582D14BCF0ECB6108A97 /* Pods-TumblrTests.debug.xcconfig */ = {isa = PBXFileReference; includeInIndex = 1; lastKnownFileType = text.xcconfig; name = "Pods-TumblrTests.debug.xcconfig"; path = "Target Support Files/Pods-TumblrTests/Pods-TumblrTests.debug.xcconfig"; sourceTree = "<group>"; };
		AA2C557DE7736C2C17836401 /* Pods-TumblrTests.release.xcconfig */ = {isa = PBXFileReference; includeInIndex = 1; lastKnownFileType = text.xcconfig; name = "Pods-TumblrTests.release.xcconfig"; path = "Target Support Files/Pods-TumblrTests/Pods-TumblrTests.release.xcconfig"; sourceTree = "<group>"; };
		C1E45B162B1943D30B721FBA /* Pods_Tumblr.framework */ = {isa = PBXFileReference; explicitFileType = wrapper.framework; includeInIndex = 0; path = Pods_Tumblr.framework; sourceTree = BUILT_PRODUCTS_DIR; };
		E10925F51707903556D96A3E /* Pods-Tumblr.release.xcconfig */ = {isa = PBXFileReference; includeInIndex = 1; lastKnownFileType = text.xcconfig; name = "Pods-Tumblr.release.xcconfig"; path = "Target Support Files/Pods-Tumblr/Pods-Tumblr.release.xcconfig"; sourceTree = "<group>"; };
/* End PBXFileReference section */

/* Begin PBXFrameworksBuildPhase section */
		76AF701C23E248EE00FDFA42 /* Frameworks */ = {
			isa = PBXFrameworksBuildPhase;
			buildActionMask = 2147483647;
			files = (
				D64758932E8B78F52BE2F8B0 /* Pods_Tumblr.framework in Frameworks */,
			);
			runOnlyForDeploymentPostprocessing = 0;
		};
		76AF703023E248F100FDFA42 /* Frameworks */ = {
			isa = PBXFrameworksBuildPhase;
			buildActionMask = 2147483647;
			files = (
				F5AA2919BD987DD64EF47D55 /* Pods_TumblrTests.framework in Frameworks */,
			);
			runOnlyForDeploymentPostprocessing = 0;
		};
		76AF703B23E248F100FDFA42 /* Frameworks */ = {
			isa = PBXFrameworksBuildPhase;
			buildActionMask = 2147483647;
			files = (
				1EE6E27D49B6C926CC34BF34 /* Pods_Tumblr_TumblrUITests.framework in Frameworks */,
			);
			runOnlyForDeploymentPostprocessing = 0;
		};
/* End PBXFrameworksBuildPhase section */

/* Begin PBXGroup section */
		76AF701623E248EE00FDFA42 = {
			isa = PBXGroup;
			children = (
				76AF702123E248EE00FDFA42 /* Tumblr */,
				76AF703623E248F100FDFA42 /* TumblrTests */,
				76AF704123E248F100FDFA42 /* TumblrUITests */,
				76AF702023E248EE00FDFA42 /* Products */,
				7E7B669CAD0EA3B8A54F6ACE /* Pods */,
				EE6A8AE2C26F61526F7A3058 /* Frameworks */,
			);
			sourceTree = "<group>";
		};
		76AF702023E248EE00FDFA42 /* Products */ = {
			isa = PBXGroup;
			children = (
				76AF701F23E248EE00FDFA42 /* Tumblr.app */,
				76AF703323E248F100FDFA42 /* TumblrTests.xctest */,
				76AF703E23E248F100FDFA42 /* TumblrUITests.xctest */,
			);
			name = Products;
			sourceTree = "<group>";
		};
		76AF702123E248EE00FDFA42 /* Tumblr */ = {
			isa = PBXGroup;
			children = (
				76AF705023E2499E00FDFA42 /* PhotosViewController.swift */,
				76AF702223E248EE00FDFA42 /* AppDelegate.swift */,
				76AF702623E248EE00FDFA42 /* Main.storyboard */,
				763D1A3023E24D2800EFEF22 /* PhotoCell.swift */,
				76AF702923E248F100FDFA42 /* Assets.xcassets */,
				76AF702B23E248F100FDFA42 /* LaunchScreen.storyboard */,
				76AF702E23E248F100FDFA42 /* Info.plist */,
			);
			path = Tumblr;
			sourceTree = "<group>";
		};
		76AF703623E248F100FDFA42 /* TumblrTests */ = {
			isa = PBXGroup;
			children = (
				76AF703723E248F100FDFA42 /* TumblrTests.swift */,
				76AF703923E248F100FDFA42 /* Info.plist */,
			);
			path = TumblrTests;
			sourceTree = "<group>";
		};
		76AF704123E248F100FDFA42 /* TumblrUITests */ = {
			isa = PBXGroup;
			children = (
				76AF704223E248F100FDFA42 /* TumblrUITests.swift */,
				76AF704423E248F100FDFA42 /* Info.plist */,
			);
			path = TumblrUITests;
			sourceTree = "<group>";
		};
		7E7B669CAD0EA3B8A54F6ACE /* Pods */ = {
			isa = PBXGroup;
			children = (
				6B84CFAAE58B7D4A0D9045C4 /* Pods-Tumblr.debug.xcconfig */,
				E10925F51707903556D96A3E /* Pods-Tumblr.release.xcconfig */,
				6330D9B633D53701749B7260 /* Pods-Tumblr-TumblrUITests.debug.xcconfig */,
				5325FF732369EBB11E9FB7E3 /* Pods-Tumblr-TumblrUITests.release.xcconfig */,
				8CA9582D14BCF0ECB6108A97 /* Pods-TumblrTests.debug.xcconfig */,
				AA2C557DE7736C2C17836401 /* Pods-TumblrTests.release.xcconfig */,
			);
			name = Pods;
			path = Pods;
			sourceTree = "<group>";
		};
		EE6A8AE2C26F61526F7A3058 /* Frameworks */ = {
			isa = PBXGroup;
			children = (
				C1E45B162B1943D30B721FBA /* Pods_Tumblr.framework */,
				75AA6E0993F58EF5C0A64A93 /* Pods_Tumblr_TumblrUITests.framework */,
				6C3FA4E53F18AB2162058490 /* Pods_TumblrTests.framework */,
			);
			name = Frameworks;
			sourceTree = "<group>";
		};
/* End PBXGroup section */

/* Begin PBXNativeTarget section */
		76AF701E23E248EE00FDFA42 /* Tumblr */ = {
			isa = PBXNativeTarget;
			buildConfigurationList = 76AF704723E248F100FDFA42 /* Build configuration list for PBXNativeTarget "Tumblr" */;
			buildPhases = (
				BA5F1D36CB1F4CC8E7CEBD56 /* [CP] Check Pods Manifest.lock */,
				76AF701B23E248EE00FDFA42 /* Sources */,
				76AF701C23E248EE00FDFA42 /* Frameworks */,
				76AF701D23E248EE00FDFA42 /* Resources */,
				B51163060F148C7F86983090 /* [CP] Embed Pods Frameworks */,
			);
			buildRules = (
			);
			dependencies = (
			);
			name = Tumblr;
			productName = Tumblr;
			productReference = 76AF701F23E248EE00FDFA42 /* Tumblr.app */;
			productType = "com.apple.product-type.application";
		};
		76AF703223E248F100FDFA42 /* TumblrTests */ = {
			isa = PBXNativeTarget;
			buildConfigurationList = 76AF704A23E248F100FDFA42 /* Build configuration list for PBXNativeTarget "TumblrTests" */;
			buildPhases = (
				B6C9C74A9EB7639D4C037533 /* [CP] Check Pods Manifest.lock */,
				76AF702F23E248F100FDFA42 /* Sources */,
				76AF703023E248F100FDFA42 /* Frameworks */,
				76AF703123E248F100FDFA42 /* Resources */,
			);
			buildRules = (
			);
			dependencies = (
				76AF703523E248F100FDFA42 /* PBXTargetDependency */,
			);
			name = TumblrTests;
			productName = TumblrTests;
			productReference = 76AF703323E248F100FDFA42 /* TumblrTests.xctest */;
			productType = "com.apple.product-type.bundle.unit-test";
		};
		76AF703D23E248F100FDFA42 /* TumblrUITests */ = {
			isa = PBXNativeTarget;
			buildConfigurationList = 76AF704D23E248F100FDFA42 /* Build configuration list for PBXNativeTarget "TumblrUITests" */;
			buildPhases = (
				E94E29278716709E527AEF53 /* [CP] Check Pods Manifest.lock */,
				76AF703A23E248F100FDFA42 /* Sources */,
				76AF703B23E248F100FDFA42 /* Frameworks */,
				76AF703C23E248F100FDFA42 /* Resources */,
				E20C6826911EA887D6C67007 /* [CP] Embed Pods Frameworks */,
			);
			buildRules = (
			);
			dependencies = (
				76AF704023E248F100FDFA42 /* PBXTargetDependency */,
			);
			name = TumblrUITests;
			productName = TumblrUITests;
			productReference = 76AF703E23E248F100FDFA42 /* TumblrUITests.xctest */;
			productType = "com.apple.product-type.bundle.ui-testing";
		};
/* End PBXNativeTarget section */

/* Begin PBXProject section */
		76AF701723E248EE00FDFA42 /* Project object */ = {
			isa = PBXProject;
			attributes = {
				LastSwiftUpdateCheck = 1030;
				LastUpgradeCheck = 1030;
				ORGANIZATIONNAME = "Viraat Das";
				TargetAttributes = {
					76AF701E23E248EE00FDFA42 = {
						CreatedOnToolsVersion = 10.3;
					};
					76AF703223E248F100FDFA42 = {
						CreatedOnToolsVersion = 10.3;
						TestTargetID = 76AF701E23E248EE00FDFA42;
					};
					76AF703D23E248F100FDFA42 = {
						CreatedOnToolsVersion = 10.3;
						TestTargetID = 76AF701E23E248EE00FDFA42;
					};
				};
			};
			buildConfigurationList = 76AF701A23E248EE00FDFA42 /* Build configuration list for PBXProject "Tumblr" */;
			compatibilityVersion = "Xcode 9.3";
			developmentRegion = en;
			hasScannedForEncodings = 0;
			knownRegions = (
				en,
				Base,
			);
			mainGroup = 76AF701623E248EE00FDFA42;
			productRefGroup = 76AF702023E248EE00FDFA42 /* Products */;
			projectDirPath = "";
			projectRoot = "";
			targets = (
				76AF701E23E248EE00FDFA42 /* Tumblr */,
				76AF703223E248F100FDFA42 /* TumblrTests */,
				76AF703D23E248F100FDFA42 /* TumblrUITests */,
			);
		};
/* End PBXProject section */

/* Begin PBXResourcesBuildPhase section */
		76AF701D23E248EE00FDFA42 /* Resources */ = {
			isa = PBXResourcesBuildPhase;
			buildActionMask = 2147483647;
			files = (
				76AF702D23E248F100FDFA42 /* LaunchScreen.storyboard in Resources */,
				76AF702A23E248F100FDFA42 /* Assets.xcassets in Resources */,
				76AF702823E248EE00FDFA42 /* Main.storyboard in Resources */,
			);
			runOnlyForDeploymentPostprocessing = 0;
		};
		76AF703123E248F100FDFA42 /* Resources */ = {
			isa = PBXResourcesBuildPhase;
			buildActionMask = 2147483647;
			files = (
			);
			runOnlyForDeploymentPostprocessing = 0;
		};
		76AF703C23E248F100FDFA42 /* Resources */ = {
			isa = PBXResourcesBuildPhase;
			buildActionMask = 2147483647;
			files = (
			);
			runOnlyForDeploymentPostprocessing = 0;
		};
/* End PBXResourcesBuildPhase section */

/* Begin PBXShellScriptBuildPhase section */
		B51163060F148C7F86983090 /* [CP] Embed Pods Frameworks */ = {
			isa = PBXShellScriptBuildPhase;
			buildActionMask = 2147483647;
			files = (
			);
			inputFileListPaths = (
				"${PODS_ROOT}/Target Support Files/Pods-Tumblr/Pods-Tumblr-frameworks-${CONFIGURATION}-input-files.xcfilelist",
			);
			name = "[CP] Embed Pods Frameworks";
			outputFileListPaths = (
				"${PODS_ROOT}/Target Support Files/Pods-Tumblr/Pods-Tumblr-frameworks-${CONFIGURATION}-output-files.xcfilelist",
			);
			runOnlyForDeploymentPostprocessing = 0;
			shellPath = /bin/sh;
			shellScript = "\"${PODS_ROOT}/Target Support Files/Pods-Tumblr/Pods-Tumblr-frameworks.sh\"\n";
			showEnvVarsInLog = 0;
		};
		B6C9C74A9EB7639D4C037533 /* [CP] Check Pods Manifest.lock */ = {
			isa = PBXShellScriptBuildPhase;
			buildActionMask = 2147483647;
			files = (
			);
			inputFileListPaths = (
			);
			inputPaths = (
				"${PODS_PODFILE_DIR_PATH}/Podfile.lock",
				"${PODS_ROOT}/Manifest.lock",
			);
			name = "[CP] Check Pods Manifest.lock";
			outputFileListPaths = (
			);
			outputPaths = (
				"$(DERIVED_FILE_DIR)/Pods-TumblrTests-checkManifestLockResult.txt",
			);
			runOnlyForDeploymentPostprocessing = 0;
			shellPath = /bin/sh;
			shellScript = "diff \"${PODS_PODFILE_DIR_PATH}/Podfile.lock\" \"${PODS_ROOT}/Manifest.lock\" > /dev/null\nif [ $? != 0 ] ; then\n    # print error to STDERR\n    echo \"error: The sandbox is not in sync with the Podfile.lock. Run 'pod install' or update your CocoaPods installation.\" >&2\n    exit 1\nfi\n# This output is used by Xcode 'outputs' to avoid re-running this script phase.\necho \"SUCCESS\" > \"${SCRIPT_OUTPUT_FILE_0}\"\n";
			showEnvVarsInLog = 0;
		};
		BA5F1D36CB1F4CC8E7CEBD56 /* [CP] Check Pods Manifest.lock */ = {
			isa = PBXShellScriptBuildPhase;
			buildActionMask = 2147483647;
			files = (
			);
			inputFileListPaths = (
			);
			inputPaths = (
				"${PODS_PODFILE_DIR_PATH}/Podfile.lock",
				"${PODS_ROOT}/Manifest.lock",
			);
			name = "[CP] Check Pods Manifest.lock";
			outputFileListPaths = (
			);
			outputPaths = (
				"$(DERIVED_FILE_DIR)/Pods-Tumblr-checkManifestLockResult.txt",
			);
			runOnlyForDeploymentPostprocessing = 0;
			shellPath = /bin/sh;
			shellScript = "diff \"${PODS_PODFILE_DIR_PATH}/Podfile.lock\" \"${PODS_ROOT}/Manifest.lock\" > /dev/null\nif [ $? != 0 ] ; then\n    # print error to STDERR\n    echo \"error: The sandbox is not in sync with the Podfile.lock. Run 'pod install' or update your CocoaPods installation.\" >&2\n    exit 1\nfi\n# This output is used by Xcode 'outputs' to avoid re-running this script phase.\necho \"SUCCESS\" > \"${SCRIPT_OUTPUT_FILE_0}\"\n";
			showEnvVarsInLog = 0;
		};
		E20C6826911EA887D6C67007 /* [CP] Embed Pods Frameworks */ = {
			isa = PBXShellScriptBuildPhase;
			buildActionMask = 2147483647;
			files = (
			);
			inputFileListPaths = (
				"${PODS_ROOT}/Target Support Files/Pods-Tumblr-TumblrUITests/Pods-Tumblr-TumblrUITests-frameworks-${CONFIGURATION}-input-files.xcfilelist",
			);
			name = "[CP] Embed Pods Frameworks";
			outputFileListPaths = (
				"${PODS_ROOT}/Target Support Files/Pods-Tumblr-TumblrUITests/Pods-Tumblr-TumblrUITests-frameworks-${CONFIGURATION}-output-files.xcfilelist",
			);
			runOnlyForDeploymentPostprocessing = 0;
			shellPath = /bin/sh;
			shellScript = "\"${PODS_ROOT}/Target Support Files/Pods-Tumblr-TumblrUITests/Pods-Tumblr-TumblrUITests-frameworks.sh\"\n";
			showEnvVarsInLog = 0;
		};
		E94E29278716709E527AEF53 /* [CP] Check Pods Manifest.lock */ = {
			isa = PBXShellScriptBuildPhase;
			buildActionMask = 2147483647;
			files = (
			);
			inputFileListPaths = (
			);
			inputPaths = (
				"${PODS_PODFILE_DIR_PATH}/Podfile.lock",
				"${PODS_ROOT}/Manifest.lock",
			);
			name = "[CP] Check Pods Manifest.lock";
			outputFileListPaths = (
			);
			outputPaths = (
				"$(DERIVED_FILE_DIR)/Pods-Tumblr-TumblrUITests-checkManifestLockResult.txt",
			);
			runOnlyForDeploymentPostprocessing = 0;
			shellPath = /bin/sh;
			shellScript = "diff \"${PODS_PODFILE_DIR_PATH}/Podfile.lock\" \"${PODS_ROOT}/Manifest.lock\" > /dev/null\nif [ $? != 0 ] ; then\n    # print error to STDERR\n    echo \"error: The sandbox is not in sync with the Podfile.lock. Run 'pod install' or update your CocoaPods installation.\" >&2\n    exit 1\nfi\n# This output is used by Xcode 'outputs' to avoid re-running this script phase.\necho \"SUCCESS\" > \"${SCRIPT_OUTPUT_FILE_0}\"\n";
			showEnvVarsInLog = 0;
		};
/* End PBXShellScriptBuildPhase section */

/* Begin PBXSourcesBuildPhase section */
		76AF701B23E248EE00FDFA42 /* Sources */ = {
			isa = PBXSourcesBuildPhase;
			buildActionMask = 2147483647;
			files = (
				76AF702323E248EE00FDFA42 /* AppDelegate.swift in Sources */,
				763D1A3123E24D2800EFEF22 /* PhotoCell.swift in Sources */,
				76AF705123E2499E00FDFA42 /* PhotosViewController.swift in Sources */,
			);
			runOnlyForDeploymentPostprocessing = 0;
		};
		76AF702F23E248F100FDFA42 /* Sources */ = {
			isa = PBXSourcesBuildPhase;
			buildActionMask = 2147483647;
			files = (
				76AF703823E248F100FDFA42 /* TumblrTests.swift in Sources */,
			);
			runOnlyForDeploymentPostprocessing = 0;
		};
		76AF703A23E248F100FDFA42 /* Sources */ = {
			isa = PBXSourcesBuildPhase;
			buildActionMask = 2147483647;
			files = (
				76AF704323E248F100FDFA42 /* TumblrUITests.swift in Sources */,
			);
			runOnlyForDeploymentPostprocessing = 0;
		};
/* End PBXSourcesBuildPhase section */

/* Begin PBXTargetDependency section */
		76AF703523E248F100FDFA42 /* PBXTargetDependency */ = {
			isa = PBXTargetDependency;
			target = 76AF701E23E248EE00FDFA42 /* Tumblr */;
			targetProxy = 76AF703423E248F100FDFA42 /* PBXContainerItemProxy */;
		};
		76AF704023E248F100FDFA42 /* PBXTargetDependency */ = {
			isa = PBXTargetDependency;
			target = 76AF701E23E248EE00FDFA42 /* Tumblr */;
			targetProxy = 76AF703F23E248F100FDFA42 /* PBXContainerItemProxy */;
		};
/* End PBXTargetDependency section */

/* Begin PBXVariantGroup section */
		76AF702623E248EE00FDFA42 /* Main.storyboard */ = {
			isa = PBXVariantGroup;
			children = (
				76AF702723E248EE00FDFA42 /* Base */,
			);
			name = Main.storyboard;
			sourceTree = "<group>";
		};
		76AF702B23E248F100FDFA42 /* LaunchScreen.storyboard */ = {
			isa = PBXVariantGroup;
			children = (
				76AF702C23E248F100FDFA42 /* Base */,
			);
			name = LaunchScreen.storyboard;
			sourceTree = "<group>";
		};
/* End PBXVariantGroup section */

/* Begin XCBuildConfiguration section */
		76AF704523E248F100FDFA42 /* Debug */ = {
			isa = XCBuildConfiguration;
			buildSettings = {
				ALWAYS_SEARCH_USER_PATHS = NO;
				CLANG_ANALYZER_NONNULL = YES;
				CLANG_ANALYZER_NUMBER_OBJECT_CONVERSION = YES_AGGRESSIVE;
				CLANG_CXX_LANGUAGE_STANDARD = "gnu++14";
				CLANG_CXX_LIBRARY = "libc++";
				CLANG_ENABLE_MODULES = YES;
				CLANG_ENABLE_OBJC_ARC = YES;
				CLANG_ENABLE_OBJC_WEAK = YES;
				CLANG_WARN_BLOCK_CAPTURE_AUTORELEASING = YES;
				CLANG_WARN_BOOL_CONVERSION = YES;
				CLANG_WARN_COMMA = YES;
				CLANG_WARN_CONSTANT_CONVERSION = YES;
				CLANG_WARN_DEPRECATED_OBJC_IMPLEMENTATIONS = YES;
				CLANG_WARN_DIRECT_OBJC_ISA_USAGE = YES_ERROR;
				CLANG_WARN_DOCUMENTATION_COMMENTS = YES;
				CLANG_WARN_EMPTY_BODY = YES;
				CLANG_WARN_ENUM_CONVERSION = YES;
				CLANG_WARN_INFINITE_RECURSION = YES;
				CLANG_WARN_INT_CONVERSION = YES;
				CLANG_WARN_NON_LITERAL_NULL_CONVERSION = YES;
				CLANG_WARN_OBJC_IMPLICIT_RETAIN_SELF = YES;
				CLANG_WARN_OBJC_LITERAL_CONVERSION = YES;
				CLANG_WARN_OBJC_ROOT_CLASS = YES_ERROR;
				CLANG_WARN_RANGE_LOOP_ANALYSIS = YES;
				CLANG_WARN_STRICT_PROTOTYPES = YES;
				CLANG_WARN_SUSPICIOUS_MOVE = YES;
				CLANG_WARN_UNGUARDED_AVAILABILITY = YES_AGGRESSIVE;
				CLANG_WARN_UNREACHABLE_CODE = YES;
				CLANG_WARN__DUPLICATE_METHOD_MATCH = YES;
				CODE_SIGN_IDENTITY = "iPhone Developer";
				COPY_PHASE_STRIP = NO;
				DEBUG_INFORMATION_FORMAT = dwarf;
				ENABLE_STRICT_OBJC_MSGSEND = YES;
				ENABLE_TESTABILITY = YES;
				GCC_C_LANGUAGE_STANDARD = gnu11;
				GCC_DYNAMIC_NO_PIC = NO;
				GCC_NO_COMMON_BLOCKS = YES;
				GCC_OPTIMIZATION_LEVEL = 0;
				GCC_PREPROCESSOR_DEFINITIONS = (
					"DEBUG=1",
					"$(inherited)",
				);
				GCC_WARN_64_TO_32_BIT_CONVERSION = YES;
				GCC_WARN_ABOUT_RETURN_TYPE = YES_ERROR;
				GCC_WARN_UNDECLARED_SELECTOR = YES;
				GCC_WARN_UNINITIALIZED_AUTOS = YES_AGGRESSIVE;
				GCC_WARN_UNUSED_FUNCTION = YES;
				GCC_WARN_UNUSED_VARIABLE = YES;
				IPHONEOS_DEPLOYMENT_TARGET = 12.4;
				MTL_ENABLE_DEBUG_INFO = INCLUDE_SOURCE;
				MTL_FAST_MATH = YES;
				ONLY_ACTIVE_ARCH = YES;
				SDKROOT = iphoneos;
				SWIFT_ACTIVE_COMPILATION_CONDITIONS = DEBUG;
				SWIFT_OPTIMIZATION_LEVEL = "-Onone";
			};
			name = Debug;
		};
		76AF704623E248F100FDFA42 /* Release */ = {
			isa = XCBuildConfiguration;
			buildSettings = {
				ALWAYS_SEARCH_USER_PATHS = NO;
				CLANG_ANALYZER_NONNULL = YES;
				CLANG_ANALYZER_NUMBER_OBJECT_CONVERSION = YES_AGGRESSIVE;
				CLANG_CXX_LANGUAGE_STANDARD = "gnu++14";
				CLANG_CXX_LIBRARY = "libc++";
				CLANG_ENABLE_MODULES = YES;
				CLANG_ENABLE_OBJC_ARC = YES;
				CLANG_ENABLE_OBJC_WEAK = YES;
				CLANG_WARN_BLOCK_CAPTURE_AUTORELEASING = YES;
				CLANG_WARN_BOOL_CONVERSION = YES;
				CLANG_WARN_COMMA = YES;
				CLANG_WARN_CONSTANT_CONVERSION = YES;
				CLANG_WARN_DEPRECATED_OBJC_IMPLEMENTATIONS = YES;
				CLANG_WARN_DIRECT_OBJC_ISA_USAGE = YES_ERROR;
				CLANG_WARN_DOCUMENTATION_COMMENTS = YES;
				CLANG_WARN_EMPTY_BODY = YES;
				CLANG_WARN_ENUM_CONVERSION = YES;
				CLANG_WARN_INFINITE_RECURSION = YES;
				CLANG_WARN_INT_CONVERSION = YES;
				CLANG_WARN_NON_LITERAL_NULL_CONVERSION = YES;
				CLANG_WARN_OBJC_IMPLICIT_RETAIN_SELF = YES;
				CLANG_WARN_OBJC_LITERAL_CONVERSION = YES;
				CLANG_WARN_OBJC_ROOT_CLASS = YES_ERROR;
				CLANG_WARN_RANGE_LOOP_ANALYSIS = YES;
				CLANG_WARN_STRICT_PROTOTYPES = YES;
				CLANG_WARN_SUSPICIOUS_MOVE = YES;
				CLANG_WARN_UNGUARDED_AVAILABILITY = YES_AGGRESSIVE;
				CLANG_WARN_UNREACHABLE_CODE = YES;
				CLANG_WARN__DUPLICATE_METHOD_MATCH = YES;
				CODE_SIGN_IDENTITY = "iPhone Developer";
				COPY_PHASE_STRIP = NO;
				DEBUG_INFORMATION_FORMAT = "dwarf-with-dsym";
				ENABLE_NS_ASSERTIONS = NO;
				ENABLE_STRICT_OBJC_MSGSEND = YES;
				GCC_C_LANGUAGE_STANDARD = gnu11;
				GCC_NO_COMMON_BLOCKS = YES;
				GCC_WARN_64_TO_32_BIT_CONVERSION = YES;
				GCC_WARN_ABOUT_RETURN_TYPE = YES_ERROR;
				GCC_WARN_UNDECLARED_SELECTOR = YES;
				GCC_WARN_UNINITIALIZED_AUTOS = YES_AGGRESSIVE;
				GCC_WARN_UNUSED_FUNCTION = YES;
				GCC_WARN_UNUSED_VARIABLE = YES;
				IPHONEOS_DEPLOYMENT_TARGET = 12.4;
				MTL_ENABLE_DEBUG_INFO = NO;
				MTL_FAST_MATH = YES;
				SDKROOT = iphoneos;
				SWIFT_COMPILATION_MODE = wholemodule;
				SWIFT_OPTIMIZATION_LEVEL = "-O";
				VALIDATE_PRODUCT = YES;
			};
			name = Release;
		};
		76AF704823E248F100FDFA42 /* Debug */ = {
			isa = XCBuildConfiguration;
			baseConfigurationReference = 6B84CFAAE58B7D4A0D9045C4 /* Pods-Tumblr.debug.xcconfig */;
			buildSettings = {
				ASSETCATALOG_COMPILER_APPICON_NAME = AppIcon;
				CODE_SIGN_STYLE = Automatic;
				DEVELOPMENT_TEAM = T84G5TJ63F;
				INFOPLIST_FILE = Tumblr/Info.plist;
				LD_RUNPATH_SEARCH_PATHS = (
					"$(inherited)",
					"@executable_path/Frameworks",
				);
				PRODUCT_BUNDLE_IDENTIFIER = dasco.Tumblr;
				PRODUCT_NAME = "$(TARGET_NAME)";
				SWIFT_VERSION = 5.0;
				TARGETED_DEVICE_FAMILY = "1,2";
			};
			name = Debug;
		};
		76AF704923E248F100FDFA42 /* Release */ = {
			isa = XCBuildConfiguration;
			baseConfigurationReference = E10925F51707903556D96A3E /* Pods-Tumblr.release.xcconfig */;
			buildSettings = {
				ASSETCATALOG_COMPILER_APPICON_NAME = AppIcon;
				CODE_SIGN_STYLE = Automatic;
				DEVELOPMENT_TEAM = T84G5TJ63F;
				INFOPLIST_FILE = Tumblr/Info.plist;
				LD_RUNPATH_SEARCH_PATHS = (
					"$(inherited)",
					"@executable_path/Frameworks",
				);
				PRODUCT_BUNDLE_IDENTIFIER = dasco.Tumblr;
				PRODUCT_NAME = "$(TARGET_NAME)";
				SWIFT_VERSION = 5.0;
				TARGETED_DEVICE_FAMILY = "1,2";
			};
			name = Release;
		};
		76AF704B23E248F100FDFA42 /* Debug */ = {
			isa = XCBuildConfiguration;
			baseConfigurationReference = 8CA9582D14BCF0ECB6108A97 /* Pods-TumblrTests.debug.xcconfig */;
			buildSettings = {
				ALWAYS_EMBED_SWIFT_STANDARD_LIBRARIES = YES;
				BUNDLE_LOADER = "$(TEST_HOST)";
				CODE_SIGN_STYLE = Automatic;
				DEVELOPMENT_TEAM = T84G5TJ63F;
				INFOPLIST_FILE = TumblrTests/Info.plist;
				LD_RUNPATH_SEARCH_PATHS = (
					"$(inherited)",
					"@executable_path/Frameworks",
					"@loader_path/Frameworks",
				);
				PRODUCT_BUNDLE_IDENTIFIER = dasco.TumblrTests;
				PRODUCT_NAME = "$(TARGET_NAME)";
				SWIFT_VERSION = 5.0;
				TARGETED_DEVICE_FAMILY = "1,2";
				TEST_HOST = "$(BUILT_PRODUCTS_DIR)/Tumblr.app/Tumblr";
			};
			name = Debug;
		};
		76AF704C23E248F100FDFA42 /* Release */ = {
			isa = XCBuildConfiguration;
			baseConfigurationReference = AA2C557DE7736C2C17836401 /* Pods-TumblrTests.release.xcconfig */;
			buildSettings = {
				ALWAYS_EMBED_SWIFT_STANDARD_LIBRARIES = YES;
				BUNDLE_LOADER = "$(TEST_HOST)";
				CODE_SIGN_STYLE = Automatic;
				DEVELOPMENT_TEAM = T84G5TJ63F;
				INFOPLIST_FILE = TumblrTests/Info.plist;
				LD_RUNPATH_SEARCH_PATHS = (
					"$(inherited)",
					"@executable_path/Frameworks",
					"@loader_path/Frameworks",
				);
				PRODUCT_BUNDLE_IDENTIFIER = dasco.TumblrTests;
				PRODUCT_NAME = "$(TARGET_NAME)";
				SWIFT_VERSION = 5.0;
				TARGETED_DEVICE_FAMILY = "1,2";
				TEST_HOST = "$(BUILT_PRODUCTS_DIR)/Tumblr.app/Tumblr";
			};
			name = Release;
		};
		76AF704E23E248F100FDFA42 /* Debug */ = {
			isa = XCBuildConfiguration;
			baseConfigurationReference = 6330D9B633D53701749B7260 /* Pods-Tumblr-TumblrUITests.debug.xcconfig */;
			buildSettings = {
				ALWAYS_EMBED_SWIFT_STANDARD_LIBRARIES = YES;
				CODE_SIGN_STYLE = Automatic;
				DEVELOPMENT_TEAM = T84G5TJ63F;
				INFOPLIST_FILE = TumblrUITests/Info.plist;
				LD_RUNPATH_SEARCH_PATHS = (
					"$(inherited)",
					"@executable_path/Frameworks",
					"@loader_path/Frameworks",
				);
				PRODUCT_BUNDLE_IDENTIFIER = dasco.TumblrUITests;
				PRODUCT_NAME = "$(TARGET_NAME)";
				SWIFT_VERSION = 5.0;
				TARGETED_DEVICE_FAMILY = "1,2";
				TEST_TARGET_NAME = Tumblr;
			};
			name = Debug;
		};
		76AF704F23E248F100FDFA42 /* Release */ = {
			isa = XCBuildConfiguration;
			baseConfigurationReference = 5325FF732369EBB11E9FB7E3 /* Pods-Tumblr-TumblrUITests.release.xcconfig */;
			buildSettings = {
				ALWAYS_EMBED_SWIFT_STANDARD_LIBRARIES = YES;
				CODE_SIGN_STYLE = Automatic;
				DEVELOPMENT_TEAM = T84G5TJ63F;
				INFOPLIST_FILE = TumblrUITests/Info.plist;
				LD_RUNPATH_SEARCH_PATHS = (
					"$(inherited)",
					"@executable_path/Frameworks",
					"@loader_path/Frameworks",
				);
				PRODUCT_BUNDLE_IDENTIFIER = dasco.TumblrUITests;
				PRODUCT_NAME = "$(TARGET_NAME)";
				SWIFT_VERSION = 5.0;
				TARGETED_DEVICE_FAMILY = "1,2";
				TEST_TARGET_NAME = Tumblr;
			};
			name = Release;
		};
/* End XCBuildConfiguration section */

/* Begin XCConfigurationList section */
		76AF701A23E248EE00FDFA42 /* Build configuration list for PBXProject "Tumblr" */ = {
			isa = XCConfigurationList;
			buildConfigurations = (
				76AF704523E248F100FDFA42 /* Debug */,
				76AF704623E248F100FDFA42 /* Release */,
			);
			defaultConfigurationIsVisible = 0;
			defaultConfigurationName = Release;
		};
		76AF704723E248F100FDFA42 /* Build configuration list for PBXNativeTarget "Tumblr" */ = {
			isa = XCConfigurationList;
			buildConfigurations = (
				76AF704823E248F100FDFA42 /* Debug */,
				76AF704923E248F100FDFA42 /* Release */,
			);
			defaultConfigurationIsVisible = 0;
			defaultConfigurationName = Release;
		};
		76AF704A23E248F100FDFA42 /* Build configuration list for PBXNativeTarget "TumblrTests" */ = {
			isa = XCConfigurationList;
			buildConfigurations = (
				76AF704B23E248F100FDFA42 /* Debug */,
				76AF704C23E248F100FDFA42 /* Release */,
			);
			defaultConfigurationIsVisible = 0;
			defaultConfigurationName = Release;
		};
		76AF704D23E248F100FDFA42 /* Build configuration list for PBXNativeTarget "TumblrUITests" */ = {
			isa = XCConfigurationList;
			buildConfigurations = (
				76AF704E23E248F100FDFA42 /* Debug */,
				76AF704F23E248F100FDFA42 /* Release */,
			);
			defaultConfigurationIsVisible = 0;
			defaultConfigurationName = Release;
		};
/* End XCConfigurationList section */
	};
	rootObject = 76AF701723E248EE00FDFA42 /* Project object */;
}
